
Microsoft Visual Studio Solution File, Format Version 12.00
# Visual Studio Version 16
VisualStudioVersion = 16.0.29613.14
MinimumVisualStudioVersion = 10.0.40219.1
Project("{FAE04EC0-301F-11D3-BF4B-00C04F79EFBC}") = "letstrythisout", "letstrythisout\letstrythisout.csproj", "{AD34915A-C247-473A-84B8-697BE38F5158}"
EndProject
Global
	GlobalSection(SolutionConfigurationPlatforms) = preSolution
		Debug|Any CPU = Debug|Any CPU
		Release|Any CPU = Release|Any CPU
	EndGlobalSection
	GlobalSection(ProjectConfigurationPlatforms) = postSolution
		{AD34915A-C247-473A-84B8-697BE38F5158}.Debug|Any CPU.ActiveCfg = Debug|Any CPU
		{AD34915A-C247-473A-84B8-697BE38F5158}.Debug|Any CPU.Build.0 = Debug|Any CPU
		{AD34915A-C247-473A-84B8-697BE38F5158}.Release|Any CPU.ActiveCfg = Release|Any CPU
		{AD34915A-C247-473A-84B8-697BE38F5158}.Release|Any CPU.Build.0 = Release|Any CPU
	EndGlobalSection
	GlobalSection(SolutionProperties) = preSolution
		HideSolutionNode = FALSE
	EndGlobalSection
	GlobalSection(ExtensibilityGlobals) = postSolution
		SolutionGuid = {8A4EE02E-3269-41F9-B3D7-1D2EC6842D71}
	EndGlobalSection
EndGlobal
